// !$*UTF8*$!
{
	archiveVersion = 1;
	classes = {
	};
	objectVersion = 56;
	objects = {

/* Begin PBXBuildFile section */
		BA3BF17D2B28999200731ECB /* DetailsViewController.swift in Sources */ = {isa = PBXBuildFile; fileRef = BA3BF17C2B28999200731ECB /* DetailsViewController.swift */; };
		BA3BF17F2B28D18F00731ECB /* DetailsCell.swift in Sources */ = {isa = PBXBuildFile; fileRef = BA3BF17E2B28D18F00731ECB /* DetailsCell.swift */; };
		BA3BF1822B28EC6C00731ECB /* UIImageViewExtension.swift in Sources */ = {isa = PBXBuildFile; fileRef = BA3BF1812B28EC6C00731ECB /* UIImageViewExtension.swift */; };
		BA3BF1842B28ED1E00731ECB /* DateFormatterExtension.swift in Sources */ = {isa = PBXBuildFile; fileRef = BA3BF1832B28ED1E00731ECB /* DateFormatterExtension.swift */; };
		BA3BF1862B28F7E200731ECB /* PriceFormatterExtension.swift in Sources */ = {isa = PBXBuildFile; fileRef = BA3BF1852B28F7E200731ECB /* PriceFormatterExtension.swift */; };
		BAD3E2AE2B16214000486874 /* AppDelegate.swift in Sources */ = {isa = PBXBuildFile; fileRef = BAD3E2AD2B16214000486874 /* AppDelegate.swift */; };
		BAD3E2B02B16214000486874 /* SceneDelegate.swift in Sources */ = {isa = PBXBuildFile; fileRef = BAD3E2AF2B16214000486874 /* SceneDelegate.swift */; };
		BAD3E2B72B16214400486874 /* Assets.xcassets in Resources */ = {isa = PBXBuildFile; fileRef = BAD3E2B62B16214400486874 /* Assets.xcassets */; };
		BAD3E2BA2B16214400486874 /* LaunchScreen.storyboard in Resources */ = {isa = PBXBuildFile; fileRef = BAD3E2B82B16214400486874 /* LaunchScreen.storyboard */; };
		BAD3E2C52B16340400486874 /* ItemsViewController.swift in Sources */ = {isa = PBXBuildFile; fileRef = BAD3E2C42B16340400486874 /* ItemsViewController.swift */; };
		BAD3E2C82B16345900486874 /* SnapKit in Frameworks */ = {isa = PBXBuildFile; productRef = BAD3E2C72B16345900486874 /* SnapKit */; };
		BAD3E2CA2B17518700486874 /* ItemCell.swift in Sources */ = {isa = PBXBuildFile; fileRef = BAD3E2C92B17518700486874 /* ItemCell.swift */; };
		BAFB04502B209D0D0074E52F /* AppService.swift in Sources */ = {isa = PBXBuildFile; fileRef = BAFB044F2B209D0D0074E52F /* AppService.swift */; };
		BAFB04532B20A7C80074E52F /* AvitoResultEntry.swift in Sources */ = {isa = PBXBuildFile; fileRef = BAFB04522B20A7C80074E52F /* AvitoResultEntry.swift */; };
		BAFB04562B20A9640074E52F /* ItemEntity.swift in Sources */ = {isa = PBXBuildFile; fileRef = BAFB04552B20A9640074E52F /* ItemEntity.swift */; };
		BAFB04592B20BAF10074E52F /* DateFormatterCache.swift in Sources */ = {isa = PBXBuildFile; fileRef = BAFB04582B20BAF10074E52F /* DateFormatterCache.swift */; };
		BAFB045B2B20D42F0074E52F /* ImageLoaderService.swift in Sources */ = {isa = PBXBuildFile; fileRef = BAFB045A2B20D42F0074E52F /* ImageLoaderService.swift */; };
/* End PBXBuildFile section */

/* Begin PBXFileReference section */
		BA3BF17C2B28999200731ECB /* DetailsViewController.swift */ = {isa = PBXFileReference; lastKnownFileType = sourcecode.swift; path = DetailsViewController.swift; sourceTree = "<group>"; };
		BA3BF17E2B28D18F00731ECB /* DetailsCell.swift */ = {isa = PBXFileReference; lastKnownFileType = sourcecode.swift; path = DetailsCell.swift; sourceTree = "<group>"; };
		BA3BF1812B28EC6C00731ECB /* UIImageViewExtension.swift */ = {isa = PBXFileReference; lastKnownFileType = sourcecode.swift; path = UIImageViewExtension.swift; sourceTree = "<group>"; };
		BA3BF1832B28ED1E00731ECB /* DateFormatterExtension.swift */ = {isa = PBXFileReference; lastKnownFileType = sourcecode.swift; path = DateFormatterExtension.swift; sourceTree = "<group>"; };
		BA3BF1852B28F7E200731ECB /* PriceFormatterExtension.swift */ = {isa = PBXFileReference; lastKnownFileType = sourcecode.swift; path = PriceFormatterExtension.swift; sourceTree = "<group>"; };
		BAD3E2AA2B16214000486874 /* Avito.app */ = {isa = PBXFileReference; explicitFileType = wrapper.application; includeInIndex = 0; path = Avito.app; sourceTree = BUILT_PRODUCTS_DIR; };
		BAD3E2AD2B16214000486874 /* AppDelegate.swift */ = {isa = PBXFileReference; lastKnownFileType = sourcecode.swift; path = AppDelegate.swift; sourceTree = "<group>"; };
		BAD3E2AF2B16214000486874 /* SceneDelegate.swift */ = {isa = PBXFileReference; lastKnownFileType = sourcecode.swift; path = SceneDelegate.swift; sourceTree = "<group>"; };
		BAD3E2B62B16214400486874 /* Assets.xcassets */ = {isa = PBXFileReference; lastKnownFileType = folder.assetcatalog; path = Assets.xcassets; sourceTree = "<group>"; };
		BAD3E2B92B16214400486874 /* Base */ = {isa = PBXFileReference; lastKnownFileType = file.storyboard; name = Base; path = Base.lproj/LaunchScreen.storyboard; sourceTree = "<group>"; };
		BAD3E2BB2B16214400486874 /* Info.plist */ = {isa = PBXFileReference; lastKnownFileType = text.plist.xml; path = Info.plist; sourceTree = "<group>"; };
		BAD3E2C42B16340400486874 /* ItemsViewController.swift */ = {isa = PBXFileReference; lastKnownFileType = sourcecode.swift; path = ItemsViewController.swift; sourceTree = "<group>"; };
		BAD3E2C92B17518700486874 /* ItemCell.swift */ = {isa = PBXFileReference; lastKnownFileType = sourcecode.swift; path = ItemCell.swift; sourceTree = "<group>"; };
		BAFB044F2B209D0D0074E52F /* AppService.swift */ = {isa = PBXFileReference; lastKnownFileType = sourcecode.swift; path = AppService.swift; sourceTree = "<group>"; };
		BAFB04522B20A7C80074E52F /* AvitoResultEntry.swift */ = {isa = PBXFileReference; lastKnownFileType = sourcecode.swift; path = AvitoResultEntry.swift; sourceTree = "<group>"; };
		BAFB04552B20A9640074E52F /* ItemEntity.swift */ = {isa = PBXFileReference; lastKnownFileType = sourcecode.swift; path = ItemEntity.swift; sourceTree = "<group>"; };
		BAFB04582B20BAF10074E52F /* DateFormatterCache.swift */ = {isa = PBXFileReference; lastKnownFileType = sourcecode.swift; path = DateFormatterCache.swift; sourceTree = "<group>"; };
		BAFB045A2B20D42F0074E52F /* ImageLoaderService.swift */ = {isa = PBXFileReference; lastKnownFileType = sourcecode.swift; path = ImageLoaderService.swift; sourceTree = "<group>"; };
/* End PBXFileReference section */

/* Begin PBXFrameworksBuildPhase section */
		BAD3E2A72B16214000486874 /* Frameworks */ = {
			isa = PBXFrameworksBuildPhase;
			buildActionMask = 2147483647;
			files = (
				BAD3E2C82B16345900486874 /* SnapKit in Frameworks */,
			);
			runOnlyForDeploymentPostprocessing = 0;
		};
/* End PBXFrameworksBuildPhase section */

/* Begin PBXGroup section */
		BA3BF1802B28EC1E00731ECB /* Extensions */ = {
			isa = PBXGroup;
			children = (
				BA3BF1812B28EC6C00731ECB /* UIImageViewExtension.swift */,
				BA3BF1832B28ED1E00731ECB /* DateFormatterExtension.swift */,
				BA3BF1852B28F7E200731ECB /* PriceFormatterExtension.swift */,
			);
			path = Extensions;
			sourceTree = "<group>";
		};
		BAD3E2A12B16214000486874 = {
			isa = PBXGroup;
			children = (
				BAD3E2AC2B16214000486874 /* Avito */,
				BAD3E2AB2B16214000486874 /* Products */,
			);
			sourceTree = "<group>";
		};
		BAD3E2AB2B16214000486874 /* Products */ = {
			isa = PBXGroup;
			children = (
				BAD3E2AA2B16214000486874 /* Avito.app */,
			);
			name = Products;
			sourceTree = "<group>";
		};
		BAD3E2AC2B16214000486874 /* Avito */ = {
			isa = PBXGroup;
			children = (
				BAD3E2C22B16225F00486874 /* Application */,
				BAD3E2CB2B17601400486874 /* AppService */,
				BAFB04512B20A7580074E52F /* AvitoResultEntry */,
				BAFB04572B20BAD80074E52F /* DateFormatterCache */,
				BA3BF1802B28EC1E00731ECB /* Extensions */,
				BAFB04542B20A8EB0074E52F /* ItemEntity */,
				BAD3E2C12B16223D00486874 /* Resources */,
				BAD3E2C32B16242B00486874 /* ViewController */,
			);
			path = Avito;
			sourceTree = "<group>";
		};
		BAD3E2C12B16223D00486874 /* Resources */ = {
			isa = PBXGroup;
			children = (
				BAD3E2B62B16214400486874 /* Assets.xcassets */,
				BAD3E2B82B16214400486874 /* LaunchScreen.storyboard */,
				BAD3E2BB2B16214400486874 /* Info.plist */,
			);
			path = Resources;
			sourceTree = "<group>";
		};
		BAD3E2C22B16225F00486874 /* Application */ = {
			isa = PBXGroup;
			children = (
				BAD3E2AD2B16214000486874 /* AppDelegate.swift */,
				BAD3E2AF2B16214000486874 /* SceneDelegate.swift */,
			);
			path = Application;
			sourceTree = "<group>";
		};
		BAD3E2C32B16242B00486874 /* ViewController */ = {
			isa = PBXGroup;
			children = (
				BAD3E2C42B16340400486874 /* ItemsViewController.swift */,
				BAD3E2C92B17518700486874 /* ItemCell.swift */,
				BA3BF17C2B28999200731ECB /* DetailsViewController.swift */,
				BA3BF17E2B28D18F00731ECB /* DetailsCell.swift */,
			);
			path = ViewController;
			sourceTree = "<group>";
		};
		BAD3E2CB2B17601400486874 /* AppService */ = {
			isa = PBXGroup;
			children = (
				BAFB044F2B209D0D0074E52F /* AppService.swift */,
				BAFB045A2B20D42F0074E52F /* ImageLoaderService.swift */,
			);
			path = AppService;
			sourceTree = "<group>";
		};
		BAFB04512B20A7580074E52F /* AvitoResultEntry */ = {
			isa = PBXGroup;
			children = (
				BAFB04522B20A7C80074E52F /* AvitoResultEntry.swift */,
			);
			path = AvitoResultEntry;
			sourceTree = "<group>";
		};
		BAFB04542B20A8EB0074E52F /* ItemEntity */ = {
			isa = PBXGroup;
			children = (
				BAFB04552B20A9640074E52F /* ItemEntity.swift */,
			);
			path = ItemEntity;
			sourceTree = "<group>";
		};
		BAFB04572B20BAD80074E52F /* DateFormatterCache */ = {
			isa = PBXGroup;
			children = (
				BAFB04582B20BAF10074E52F /* DateFormatterCache.swift */,
			);
			path = DateFormatterCache;
			sourceTree = "<group>";
		};
/* End PBXGroup section */

/* Begin PBXNativeTarget section */
		BAD3E2A92B16214000486874 /* Avito */ = {
			isa = PBXNativeTarget;
			buildConfigurationList = BAD3E2BE2B16214400486874 /* Build configuration list for PBXNativeTarget "Avito" */;
			buildPhases = (
				BAD3E2A62B16214000486874 /* Sources */,
				BAD3E2A72B16214000486874 /* Frameworks */,
				BAD3E2A82B16214000486874 /* Resources */,
			);
			buildRules = (
			);
			dependencies = (
			);
			name = Avito;
			packageProductDependencies = (
				BAD3E2C72B16345900486874 /* SnapKit */,
			);
			productName = Avito;
			productReference = BAD3E2AA2B16214000486874 /* Avito.app */;
			productType = "com.apple.product-type.application";
		};
/* End PBXNativeTarget section */

/* Begin PBXProject section */
		BAD3E2A22B16214000486874 /* Project object */ = {
			isa = PBXProject;
			attributes = {
				BuildIndependentTargetsInParallel = 1;
				LastSwiftUpdateCheck = 1500;
				LastUpgradeCheck = 1500;
				TargetAttributes = {
					BAD3E2A92B16214000486874 = {
						CreatedOnToolsVersion = 15.0.1;
					};
				};
			};
			buildConfigurationList = BAD3E2A52B16214000486874 /* Build configuration list for PBXProject "Avito" */;
			compatibilityVersion = "Xcode 14.0";
			developmentRegion = en;
			hasScannedForEncodings = 0;
			knownRegions = (
				en,
				Base,
			);
			mainGroup = BAD3E2A12B16214000486874;
			packageReferences = (
				BAD3E2C62B16345900486874 /* XCRemoteSwiftPackageReference "SnapKit" */,
			);
			productRefGroup = BAD3E2AB2B16214000486874 /* Products */;
			projectDirPath = "";
			projectRoot = "";
			targets = (
				BAD3E2A92B16214000486874 /* Avito */,
			);
		};
/* End PBXProject section */

/* Begin PBXResourcesBuildPhase section */
		BAD3E2A82B16214000486874 /* Resources */ = {
			isa = PBXResourcesBuildPhase;
			buildActionMask = 2147483647;
			files = (
				BAD3E2BA2B16214400486874 /* LaunchScreen.storyboard in Resources */,
				BAD3E2B72B16214400486874 /* Assets.xcassets in Resources */,
			);
			runOnlyForDeploymentPostprocessing = 0;
		};
/* End PBXResourcesBuildPhase section */

/* Begin PBXSourcesBuildPhase section */
		BAD3E2A62B16214000486874 /* Sources */ = {
			isa = PBXSourcesBuildPhase;
			buildActionMask = 2147483647;
			files = (
				BA3BF17F2B28D18F00731ECB /* DetailsCell.swift in Sources */,
				BAFB04592B20BAF10074E52F /* DateFormatterCache.swift in Sources */,
				BAD3E2AE2B16214000486874 /* AppDelegate.swift in Sources */,
				BAFB04532B20A7C80074E52F /* AvitoResultEntry.swift in Sources */,
				BA3BF1842B28ED1E00731ECB /* DateFormatterExtension.swift in Sources */,
				BAD3E2CA2B17518700486874 /* ItemCell.swift in Sources */,
				BAFB045B2B20D42F0074E52F /* ImageLoaderService.swift in Sources */,
				BAFB04502B209D0D0074E52F /* AppService.swift in Sources */,
				BA3BF1822B28EC6C00731ECB /* UIImageViewExtension.swift in Sources */,
				BAFB04562B20A9640074E52F /* ItemEntity.swift in Sources */,
				BAD3E2C52B16340400486874 /* ItemsViewController.swift in Sources */,
				BA3BF1862B28F7E200731ECB /* PriceFormatterExtension.swift in Sources */,
				BA3BF17D2B28999200731ECB /* DetailsViewController.swift in Sources */,
				BAD3E2B02B16214000486874 /* SceneDelegate.swift in Sources */,
			);
			runOnlyForDeploymentPostprocessing = 0;
		};
/* End PBXSourcesBuildPhase section */

/* Begin PBXVariantGroup section */
		BAD3E2B82B16214400486874 /* LaunchScreen.storyboard */ = {
			isa = PBXVariantGroup;
			children = (
				BAD3E2B92B16214400486874 /* Base */,
			);
			name = LaunchScreen.storyboard;
			sourceTree = "<group>";
		};
/* End PBXVariantGroup section */

/* Begin XCBuildConfiguration section */
		BAD3E2BC2B16214400486874 /* Debug */ = {
			isa = XCBuildConfiguration;
			buildSettings = {
				ALWAYS_SEARCH_USER_PATHS = NO;
				ASSETCATALOG_COMPILER_GENERATE_SWIFT_ASSET_SYMBOL_EXTENSIONS = YES;
				CLANG_ANALYZER_NONNULL = YES;
				CLANG_ANALYZER_NUMBER_OBJECT_CONVERSION = YES_AGGRESSIVE;
				CLANG_CXX_LANGUAGE_STANDARD = "gnu++20";
				CLANG_ENABLE_MODULES = YES;
				CLANG_ENABLE_OBJC_ARC = YES;
				CLANG_ENABLE_OBJC_WEAK = YES;
				CLANG_WARN_BLOCK_CAPTURE_AUTORELEASING = YES;
				CLANG_WARN_BOOL_CONVERSION = YES;
				CLANG_WARN_COMMA = YES;
				CLANG_WARN_CONSTANT_CONVERSION = YES;
				CLANG_WARN_DEPRECATED_OBJC_IMPLEMENTATIONS = YES;
				CLANG_WARN_DIRECT_OBJC_ISA_USAGE = YES_ERROR;
				CLANG_WARN_DOCUMENTATION_COMMENTS = YES;
				CLANG_WARN_EMPTY_BODY = YES;
				CLANG_WARN_ENUM_CONVERSION = YES;
				CLANG_WARN_INFINITE_RECURSION = YES;
				CLANG_WARN_INT_CONVERSION = YES;
				CLANG_WARN_NON_LITERAL_NULL_CONVERSION = YES;
				CLANG_WARN_OBJC_IMPLICIT_RETAIN_SELF = YES;
				CLANG_WARN_OBJC_LITERAL_CONVERSION = YES;
				CLANG_WARN_OBJC_ROOT_CLASS = YES_ERROR;
				CLANG_WARN_QUOTED_INCLUDE_IN_FRAMEWORK_HEADER = YES;
				CLANG_WARN_RANGE_LOOP_ANALYSIS = YES;
				CLANG_WARN_STRICT_PROTOTYPES = YES;
				CLANG_WARN_SUSPICIOUS_MOVE = YES;
				CLANG_WARN_UNGUARDED_AVAILABILITY = YES_AGGRESSIVE;
				CLANG_WARN_UNREACHABLE_CODE = YES;
				CLANG_WARN__DUPLICATE_METHOD_MATCH = YES;
				COPY_PHASE_STRIP = NO;
				DEBUG_INFORMATION_FORMAT = dwarf;
				ENABLE_STRICT_OBJC_MSGSEND = YES;
				ENABLE_TESTABILITY = YES;
				ENABLE_USER_SCRIPT_SANDBOXING = YES;
				GCC_C_LANGUAGE_STANDARD = gnu17;
				GCC_DYNAMIC_NO_PIC = NO;
				GCC_NO_COMMON_BLOCKS = YES;
				GCC_OPTIMIZATION_LEVEL = 0;
				GCC_PREPROCESSOR_DEFINITIONS = (
					"DEBUG=1",
					"$(inherited)",
				);
				GCC_WARN_64_TO_32_BIT_CONVERSION = YES;
				GCC_WARN_ABOUT_RETURN_TYPE = YES_ERROR;
				GCC_WARN_UNDECLARED_SELECTOR = YES;
				GCC_WARN_UNINITIALIZED_AUTOS = YES_AGGRESSIVE;
				GCC_WARN_UNUSED_FUNCTION = YES;
				GCC_WARN_UNUSED_VARIABLE = YES;
				IPHONEOS_DEPLOYMENT_TARGET = 17.0;
				LOCALIZATION_PREFERS_STRING_CATALOGS = YES;
				MTL_ENABLE_DEBUG_INFO = INCLUDE_SOURCE;
				MTL_FAST_MATH = YES;
				ONLY_ACTIVE_ARCH = YES;
				SDKROOT = iphoneos;
				SWIFT_ACTIVE_COMPILATION_CONDITIONS = "DEBUG $(inherited)";
				SWIFT_OPTIMIZATION_LEVEL = "-Onone";
			};
			name = Debug;
		};
		BAD3E2BD2B16214400486874 /* Release */ = {
			isa = XCBuildConfiguration;
			buildSettings = {
				ALWAYS_SEARCH_USER_PATHS = NO;
				ASSETCATALOG_COMPILER_GENERATE_SWIFT_ASSET_SYMBOL_EXTENSIONS = YES;
				CLANG_ANALYZER_NONNULL = YES;
				CLANG_ANALYZER_NUMBER_OBJECT_CONVERSION = YES_AGGRESSIVE;
				CLANG_CXX_LANGUAGE_STANDARD = "gnu++20";
				CLANG_ENABLE_MODULES = YES;
				CLANG_ENABLE_OBJC_ARC = YES;
				CLANG_ENABLE_OBJC_WEAK = YES;
				CLANG_WARN_BLOCK_CAPTURE_AUTORELEASING = YES;
				CLANG_WARN_BOOL_CONVERSION = YES;
				CLANG_WARN_COMMA = YES;
				CLANG_WARN_CONSTANT_CONVERSION = YES;
				CLANG_WARN_DEPRECATED_OBJC_IMPLEMENTATIONS = YES;
				CLANG_WARN_DIRECT_OBJC_ISA_USAGE = YES_ERROR;
				CLANG_WARN_DOCUMENTATION_COMMENTS = YES;
				CLANG_WARN_EMPTY_BODY = YES;
				CLANG_WARN_ENUM_CONVERSION = YES;
				CLANG_WARN_INFINITE_RECURSION = YES;
				CLANG_WARN_INT_CONVERSION = YES;
				CLANG_WARN_NON_LITERAL_NULL_CONVERSION = YES;
				CLANG_WARN_OBJC_IMPLICIT_RETAIN_SELF = YES;
				CLANG_WARN_OBJC_LITERAL_CONVERSION = YES;
				CLANG_WARN_OBJC_ROOT_CLASS = YES_ERROR;
				CLANG_WARN_QUOTED_INCLUDE_IN_FRAMEWORK_HEADER = YES;
				CLANG_WARN_RANGE_LOOP_ANALYSIS = YES;
				CLANG_WARN_STRICT_PROTOTYPES = YES;
				CLANG_WARN_SUSPICIOUS_MOVE = YES;
				CLANG_WARN_UNGUARDED_AVAILABILITY = YES_AGGRESSIVE;
				CLANG_WARN_UNREACHABLE_CODE = YES;
				CLANG_WARN__DUPLICATE_METHOD_MATCH = YES;
				COPY_PHASE_STRIP = NO;
				DEBUG_INFORMATION_FORMAT = "dwarf-with-dsym";
				ENABLE_NS_ASSERTIONS = NO;
				ENABLE_STRICT_OBJC_MSGSEND = YES;
				ENABLE_USER_SCRIPT_SANDBOXING = YES;
				GCC_C_LANGUAGE_STANDARD = gnu17;
				GCC_NO_COMMON_BLOCKS = YES;
				GCC_WARN_64_TO_32_BIT_CONVERSION = YES;
				GCC_WARN_ABOUT_RETURN_TYPE = YES_ERROR;
				GCC_WARN_UNDECLARED_SELECTOR = YES;
				GCC_WARN_UNINITIALIZED_AUTOS = YES_AGGRESSIVE;
				GCC_WARN_UNUSED_FUNCTION = YES;
				GCC_WARN_UNUSED_VARIABLE = YES;
				IPHONEOS_DEPLOYMENT_TARGET = 17.0;
				LOCALIZATION_PREFERS_STRING_CATALOGS = YES;
				MTL_ENABLE_DEBUG_INFO = NO;
				MTL_FAST_MATH = YES;
				SDKROOT = iphoneos;
				SWIFT_COMPILATION_MODE = wholemodule;
				VALIDATE_PRODUCT = YES;
			};
			name = Release;
		};
		BAD3E2BF2B16214400486874 /* Debug */ = {
			isa = XCBuildConfiguration;
			buildSettings = {
				ASSETCATALOG_COMPILER_APPICON_NAME = AppIcon;
				ASSETCATALOG_COMPILER_GLOBAL_ACCENT_COLOR_NAME = AccentColor;
				CODE_SIGN_STYLE = Automatic;
				CURRENT_PROJECT_VERSION = 1;
				DEVELOPMENT_TEAM = N9NN3CSS37;
				GENERATE_INFOPLIST_FILE = YES;
				INFOPLIST_FILE = Avito/Resources/Info.plist;
				INFOPLIST_KEY_UIApplicationSupportsIndirectInputEvents = YES;
				INFOPLIST_KEY_UILaunchStoryboardName = LaunchScreen;
				INFOPLIST_KEY_UIMainStoryboardFile = "";
				INFOPLIST_KEY_UISupportedInterfaceOrientations = UIInterfaceOrientationPortrait;
				INFOPLIST_KEY_UISupportedInterfaceOrientations_iPad = "UIInterfaceOrientationPortrait UIInterfaceOrientationPortraitUpsideDown";
				IPHONEOS_DEPLOYMENT_TARGET = 15.5;
				LD_RUNPATH_SEARCH_PATHS = (
					"$(inherited)",
					"@executable_path/Frameworks",
				);
				MARKETING_VERSION = 1.0;
				PRODUCT_BUNDLE_IDENTIFIER = aolyahevich.Avito;
				PRODUCT_NAME = "$(TARGET_NAME)";
				SWIFT_EMIT_LOC_STRINGS = YES;
				SWIFT_VERSION = 5.0;
				TARGETED_DEVICE_FAMILY = "1,2";
			};
			name = Debug;
		};
		BAD3E2C02B16214400486874 /* Release */ = {
			isa = XCBuildConfiguration;
			buildSettings = {
				ASSETCATALOG_COMPILER_APPICON_NAME = AppIcon;
				ASSETCATALOG_COMPILER_GLOBAL_ACCENT_COLOR_NAME = AccentColor;
				CODE_SIGN_STYLE = Automatic;
				CURRENT_PROJECT_VERSION = 1;
				DEVELOPMENT_TEAM = N9NN3CSS37;
				GENERATE_INFOPLIST_FILE = YES;
				INFOPLIST_FILE = Avito/Resources/Info.plist;
				INFOPLIST_KEY_UIApplicationSupportsIndirectInputEvents = YES;
				INFOPLIST_KEY_UILaunchStoryboardName = LaunchScreen;
				INFOPLIST_KEY_UIMainStoryboardFile = "";
				INFOPLIST_KEY_UISupportedInterfaceOrientations = UIInterfaceOrientationPortrait;
				INFOPLIST_KEY_UISupportedInterfaceOrientations_iPad = "UIInterfaceOrientationPortrait UIInterfaceOrientationPortraitUpsideDown";
				IPHONEOS_DEPLOYMENT_TARGET = 15.5;
				LD_RUNPATH_SEARCH_PATHS = (
					"$(inherited)",
					"@executable_path/Frameworks",
				);
				MARKETING_VERSION = 1.0;
				PRODUCT_BUNDLE_IDENTIFIER = aolyahevich.Avito;
				PRODUCT_NAME = "$(TARGET_NAME)";
				SWIFT_EMIT_LOC_STRINGS = YES;
				SWIFT_VERSION = 5.0;
				TARGETED_DEVICE_FAMILY = "1,2";
			};
			name = Release;
		};
/* End XCBuildConfiguration section */

/* Begin XCConfigurationList section */
		BAD3E2A52B16214000486874 /* Build configuration list for PBXProject "Avito" */ = {
			isa = XCConfigurationList;
			buildConfigurations = (
				BAD3E2BC2B16214400486874 /* Debug */,
				BAD3E2BD2B16214400486874 /* Release */,
			);
			defaultConfigurationIsVisible = 0;
			defaultConfigurationName = Release;
		};
		BAD3E2BE2B16214400486874 /* Build configuration list for PBXNativeTarget "Avito" */ = {
			isa = XCConfigurationList;
			buildConfigurations = (
				BAD3E2BF2B16214400486874 /* Debug */,
				BAD3E2C02B16214400486874 /* Release */,
			);
			defaultConfigurationIsVisible = 0;
			defaultConfigurationName = Release;
		};
/* End XCConfigurationList section */

/* Begin XCRemoteSwiftPackageReference section */
		BAD3E2C62B16345900486874 /* XCRemoteSwiftPackageReference "SnapKit" */ = {
			isa = XCRemoteSwiftPackageReference;
			repositoryURL = "https://github.com/SnapKit/SnapKit";
			requirement = {
				kind = upToNextMajorVersion;
				minimumVersion = 5.6.0;
			};
		};
/* End XCRemoteSwiftPackageReference section */

/* Begin XCSwiftPackageProductDependency section */
		BAD3E2C72B16345900486874 /* SnapKit */ = {
			isa = XCSwiftPackageProductDependency;
			package = BAD3E2C62B16345900486874 /* XCRemoteSwiftPackageReference "SnapKit" */;
			productName = SnapKit;
		};
/* End XCSwiftPackageProductDependency section */
	};
	rootObject = BAD3E2A22B16214000486874 /* Project object */;
}
